
Microsoft Visual Studio Solution File, Format Version 12.00
# Visual Studio 15
VisualStudioVersion = 15.0.28307.572
MinimumVisualStudioVersion = 10.0.40219.1
Project("{FAE04EC0-301F-11D3-BF4B-00C04F79EFBC}") = "Acessibility", "Acessibility\Acessibility.csproj", "{9330813A-004C-4456-8955-85C93E6DDDEE}"
EndProject
Global
	GlobalSection(SolutionConfigurationPlatforms) = preSolution
		Debug|Any CPU = Debug|Any CPU
		Release|Any CPU = Release|Any CPU
	EndGlobalSection
	GlobalSection(ProjectConfigurationPlatforms) = postSolution
		{9330813A-004C-4456-8955-85C93E6DDDEE}.Debug|Any CPU.ActiveCfg = Debug|Any CPU
		{9330813A-004C-4456-8955-85C93E6DDDEE}.Debug|Any CPU.Build.0 = Debug|Any CPU
		{9330813A-004C-4456-8955-85C93E6DDDEE}.Release|Any CPU.ActiveCfg = Release|Any CPU
		{9330813A-004C-4456-8955-85C93E6DDDEE}.Release|Any CPU.Build.0 = Release|Any CPU
	EndGlobalSection
	GlobalSection(SolutionProperties) = preSolution
		HideSolutionNode = FALSE
	EndGlobalSection
	GlobalSection(ExtensibilityGlobals) = postSolution
		SolutionGuid = {3AB2647D-7BD2-47FB-BC06-FFAC374D2E08}
	EndGlobalSection
EndGlobal
